
Microsoft Visual Studio Solution File, Format Version 12.00
# Visual Studio Version 17
VisualStudioVersion = 17.6.33723.286
MinimumVisualStudioVersion = 10.0.40219.1
Project("{FAE04EC0-301F-11D3-BF4B-00C04F79EFBC}") = "Employee.Model", "Employee.Model\Employee.Model.csproj", "{3E83267B-C509-4434-9A7A-6716D218BEFD}"
EndProject
Global
	GlobalSection(SolutionConfigurationPlatforms) = preSolution
		Debug|Any CPU = Debug|Any CPU
		Release|Any CPU = Release|Any CPU
	EndGlobalSection
	GlobalSection(ProjectConfigurationPlatforms) = postSolution
		{3E83267B-C509-4434-9A7A-6716D218BEFD}.Debug|Any CPU.ActiveCfg = Debug|Any CPU
		{3E83267B-C509-4434-9A7A-6716D218BEFD}.Debug|Any CPU.Build.0 = Debug|Any CPU
		{3E83267B-C509-4434-9A7A-6716D218BEFD}.Release|Any CPU.ActiveCfg = Release|Any CPU
		{3E83267B-C509-4434-9A7A-6716D218BEFD}.Release|Any CPU.Build.0 = Release|Any CPU
	EndGlobalSection
	GlobalSection(SolutionProperties) = preSolution
		HideSolutionNode = FALSE
	EndGlobalSection
	GlobalSection(ExtensibilityGlobals) = postSolution
		SolutionGuid = {081C3AF5-229E-48B3-B114-37C785643BDE}
	EndGlobalSection
EndGlobal
