
Microsoft Visual Studio Solution File, Format Version 12.00
# Visual Studio Version 17
VisualStudioVersion = 17.6.33723.286
MinimumVisualStudioVersion = 10.0.40219.1
Project("{FAE04EC0-301F-11D3-BF4B-00C04F79EFBC}") = "Asgnt3", "Asgnt3\Asgnt3.csproj", "{DC45A070-4D01-4FC0-A0E4-6E6998C05A9F}"
EndProject
Global
	GlobalSection(SolutionConfigurationPlatforms) = preSolution
		Debug|Any CPU = Debug|Any CPU
		Release|Any CPU = Release|Any CPU
	EndGlobalSection
	GlobalSection(ProjectConfigurationPlatforms) = postSolution
		{DC45A070-4D01-4FC0-A0E4-6E6998C05A9F}.Debug|Any CPU.ActiveCfg = Debug|Any CPU
		{DC45A070-4D01-4FC0-A0E4-6E6998C05A9F}.Debug|Any CPU.Build.0 = Debug|Any CPU
		{DC45A070-4D01-4FC0-A0E4-6E6998C05A9F}.Release|Any CPU.ActiveCfg = Release|Any CPU
		{DC45A070-4D01-4FC0-A0E4-6E6998C05A9F}.Release|Any CPU.Build.0 = Release|Any CPU
	EndGlobalSection
	GlobalSection(SolutionProperties) = preSolution
		HideSolutionNode = FALSE
	EndGlobalSection
	GlobalSection(ExtensibilityGlobals) = postSolution
		SolutionGuid = {41F8EC13-0F99-4590-B312-4F045CF44BF1}
	EndGlobalSection
EndGlobal
