
Microsoft Visual Studio Solution File, Format Version 12.00
# Visual Studio Version 17
VisualStudioVersion = 17.6.33723.286
MinimumVisualStudioVersion = 10.0.40219.1
Project("{FAE04EC0-301F-11D3-BF4B-00C04F79EFBC}") = "ConsoleApp9", "ConsoleApp9\ConsoleApp9.csproj", "{BD0558CE-E504-4BBA-BF87-6D0134C12D9E}"
EndProject
Global
	GlobalSection(SolutionConfigurationPlatforms) = preSolution
		Debug|Any CPU = Debug|Any CPU
		Release|Any CPU = Release|Any CPU
	EndGlobalSection
	GlobalSection(ProjectConfigurationPlatforms) = postSolution
		{BD0558CE-E504-4BBA-BF87-6D0134C12D9E}.Debug|Any CPU.ActiveCfg = Debug|Any CPU
		{BD0558CE-E504-4BBA-BF87-6D0134C12D9E}.Debug|Any CPU.Build.0 = Debug|Any CPU
		{BD0558CE-E504-4BBA-BF87-6D0134C12D9E}.Release|Any CPU.ActiveCfg = Release|Any CPU
		{BD0558CE-E504-4BBA-BF87-6D0134C12D9E}.Release|Any CPU.Build.0 = Release|Any CPU
	EndGlobalSection
	GlobalSection(SolutionProperties) = preSolution
		HideSolutionNode = FALSE
	EndGlobalSection
	GlobalSection(ExtensibilityGlobals) = postSolution
		SolutionGuid = {F8D76FE6-BB80-4F11-AE46-09049E38B77F}
	EndGlobalSection
EndGlobal
