
Microsoft Visual Studio Solution File, Format Version 12.00
# Visual Studio Version 17
VisualStudioVersion = 17.6.33723.286
MinimumVisualStudioVersion = 10.0.40219.1
Project("{FAE04EC0-301F-11D3-BF4B-00C04F79EFBC}") = "Qn6", "Qn6\Qn6.csproj", "{F762865F-BA21-4BF5-8B75-EE75AAD760B9}"
EndProject
Global
	GlobalSection(SolutionConfigurationPlatforms) = preSolution
		Debug|Any CPU = Debug|Any CPU
		Release|Any CPU = Release|Any CPU
	EndGlobalSection
	GlobalSection(ProjectConfigurationPlatforms) = postSolution
		{F762865F-BA21-4BF5-8B75-EE75AAD760B9}.Debug|Any CPU.ActiveCfg = Debug|Any CPU
		{F762865F-BA21-4BF5-8B75-EE75AAD760B9}.Debug|Any CPU.Build.0 = Debug|Any CPU
		{F762865F-BA21-4BF5-8B75-EE75AAD760B9}.Release|Any CPU.ActiveCfg = Release|Any CPU
		{F762865F-BA21-4BF5-8B75-EE75AAD760B9}.Release|Any CPU.Build.0 = Release|Any CPU
	EndGlobalSection
	GlobalSection(SolutionProperties) = preSolution
		HideSolutionNode = FALSE
	EndGlobalSection
	GlobalSection(ExtensibilityGlobals) = postSolution
		SolutionGuid = {2DA06096-2658-4387-A1EE-AE5B6A7333AE}
	EndGlobalSection
EndGlobal
